
Microsoft Visual Studio Solution File, Format Version 12.00
# Visual Studio Version 16
VisualStudioVersion = 16.0.31129.286
MinimumVisualStudioVersion = 10.0.40219.1
Project("{9A19103F-16F7-4668-BE54-9A1E7A4F7556}") = "ShellFileDialogs", "ShellFileDialogs\ShellFileDialogs.csproj", "{41C033D4-51EC-4DAB-B9A9-7CA77F198662}"
EndProject
Project("{9A19103F-16F7-4668-BE54-9A1E7A4F7556}") = "ShellFileDialogs.Demo", "ShellFileDialogs.Demo\ShellFileDialogs.Demo.csproj", "{554E27C3-1F98-42EC-B079-0ECA0D77E4C8}"
EndProject
Project("{2150E333-8FDC-42A3-9474-1A3956D46DE8}") = "ShellFileDialogs.Content", "ShellFileDialogs.Content", "{50D53DAE-3EDB-4A30-AEA4-6D42CF8CB9B4}"
	ProjectSection(SolutionItems) = preProject
		ShellFileDialogs.NuGet\ShellFileDialogs.nuspec = ShellFileDialogs.NuGet\ShellFileDialogs.nuspec
	EndProjectSection
EndProject
Project("{2150E333-8FDC-42A3-9474-1A3956D46DE8}") = "NuGet-consumers", "NuGet-consumers", "{39012919-BCFB-4F3F-9378-2318D66694FB}"
EndProject
Project("{FAE04EC0-301F-11D3-BF4B-00C04F79EFBC}") = "NetFx48Console-Assembly", "NuGet-Consumers\NetFx48Console-Assembly\NetFx48Console-Assembly.csproj", "{BF406BB9-6AD9-46FF-A703-BD9FDB4969D0}"
EndProject
Project("{FAE04EC0-301F-11D3-BF4B-00C04F79EFBC}") = "NetFx48Console-Content", "NuGet-Consumers\NetFx48Console-Content\NetFx48Console-Content.csproj", "{13D6E5AF-BC47-40AF-9D64-8CDF6363F4BF}"
EndProject
Project("{FAE04EC0-301F-11D3-BF4B-00C04F79EFBC}") = "NetFx48Console-PackageReference-Content", "NuGet-Consumers\NetFx48Console-PackageReference-Content\NetFx48Console-PackageReference-Content.csproj", "{4BD84F5B-3448-4279-BA7A-ADEC08F9E833}"
EndProject
Global
	GlobalSection(SolutionConfigurationPlatforms) = preSolution
		Debug|Any CPU = Debug|Any CPU
		Release|Any CPU = Release|Any CPU
	EndGlobalSection
	GlobalSection(ProjectConfigurationPlatforms) = postSolution
		{41C033D4-51EC-4DAB-B9A9-7CA77F198662}.Debug|Any CPU.ActiveCfg = Debug|Any CPU
		{41C033D4-51EC-4DAB-B9A9-7CA77F198662}.Debug|Any CPU.Build.0 = Debug|Any CPU
		{41C033D4-51EC-4DAB-B9A9-7CA77F198662}.Release|Any CPU.ActiveCfg = Release|Any CPU
		{41C033D4-51EC-4DAB-B9A9-7CA77F198662}.Release|Any CPU.Build.0 = Release|Any CPU
		{554E27C3-1F98-42EC-B079-0ECA0D77E4C8}.Debug|Any CPU.ActiveCfg = Debug|Any CPU
		{554E27C3-1F98-42EC-B079-0ECA0D77E4C8}.Debug|Any CPU.Build.0 = Debug|Any CPU
		{554E27C3-1F98-42EC-B079-0ECA0D77E4C8}.Release|Any CPU.ActiveCfg = Release|Any CPU
		{554E27C3-1F98-42EC-B079-0ECA0D77E4C8}.Release|Any CPU.Build.0 = Release|Any CPU
		{BF406BB9-6AD9-46FF-A703-BD9FDB4969D0}.Debug|Any CPU.ActiveCfg = Debug|Any CPU
		{BF406BB9-6AD9-46FF-A703-BD9FDB4969D0}.Debug|Any CPU.Build.0 = Debug|Any CPU
		{BF406BB9-6AD9-46FF-A703-BD9FDB4969D0}.Release|Any CPU.ActiveCfg = Release|Any CPU
		{BF406BB9-6AD9-46FF-A703-BD9FDB4969D0}.Release|Any CPU.Build.0 = Release|Any CPU
		{13D6E5AF-BC47-40AF-9D64-8CDF6363F4BF}.Debug|Any CPU.ActiveCfg = Debug|Any CPU
		{13D6E5AF-BC47-40AF-9D64-8CDF6363F4BF}.Debug|Any CPU.Build.0 = Debug|Any CPU
		{13D6E5AF-BC47-40AF-9D64-8CDF6363F4BF}.Release|Any CPU.ActiveCfg = Release|Any CPU
		{13D6E5AF-BC47-40AF-9D64-8CDF6363F4BF}.Release|Any CPU.Build.0 = Release|Any CPU
		{4BD84F5B-3448-4279-BA7A-ADEC08F9E833}.Debug|Any CPU.ActiveCfg = Debug|Any CPU
		{4BD84F5B-3448-4279-BA7A-ADEC08F9E833}.Debug|Any CPU.Build.0 = Debug|Any CPU
		{4BD84F5B-3448-4279-BA7A-ADEC08F9E833}.Release|Any CPU.ActiveCfg = Release|Any CPU
		{4BD84F5B-3448-4279-BA7A-ADEC08F9E833}.Release|Any CPU.Build.0 = Release|Any CPU
	EndGlobalSection
	GlobalSection(SolutionProperties) = preSolution
		HideSolutionNode = FALSE
	EndGlobalSection
	GlobalSection(NestedProjects) = preSolution
		{BF406BB9-6AD9-46FF-A703-BD9FDB4969D0} = {39012919-BCFB-4F3F-9378-2318D66694FB}
		{13D6E5AF-BC47-40AF-9D64-8CDF6363F4BF} = {39012919-BCFB-4F3F-9378-2318D66694FB}
		{4BD84F5B-3448-4279-BA7A-ADEC08F9E833} = {39012919-BCFB-4F3F-9378-2318D66694FB}
	EndGlobalSection
	GlobalSection(ExtensibilityGlobals) = postSolution
		SolutionGuid = {8988B6F4-F5F5-4D8F-AFDD-E03E6B68D6DA}
	EndGlobalSection
EndGlobal
