
Microsoft Visual Studio Solution File, Format Version 12.00
# Visual Studio Version 16
VisualStudioVersion = 16.0.31129.286
MinimumVisualStudioVersion = 10.0.40219.1
Project("{FAE04EC0-301F-11D3-BF4B-00C04F79EFBC}") = "NetFx48Console-Assembly", "NetFx48Console-Assembly\NetFx48Console-Assembly.csproj", "{BF406BB9-6AD9-46FF-A703-BD9FDB4969D0}"
EndProject
Project("{FAE04EC0-301F-11D3-BF4B-00C04F79EFBC}") = "NetFx48Console-Content", "NetFx48Console-Content\NetFx48Console-Content.csproj", "{13D6E5AF-BC47-40AF-9D64-8CDF6363F4BF}"
EndProject
Project("{FAE04EC0-301F-11D3-BF4B-00C04F79EFBC}") = "NetFx48Console-PackageReference-Content", "NetFx48Console-PackageReference-Content\NetFx48Console-PackageReference-Content.csproj", "{4BD84F5B-3448-4279-BA7A-ADEC08F9E833}"
EndProject
Project("{9A19103F-16F7-4668-BE54-9A1E7A4F7556}") = "NetCoreConsole-PackageReference-Content", "NetCoreConsole-PackageReference-Content\NetCoreConsole-PackageReference-Content.csproj", "{5B2342C2-E724-4C37-9F25-223E7D22FD71}"
EndProject
Project("{9A19103F-16F7-4668-BE54-9A1E7A4F7556}") = "NetCoreConsole-PackageReference-Assembly", "NetCoreConsole-PackageReference-Assembly\NetCoreConsole-PackageReference-Assembly.csproj", "{FFD9010F-E143-40D9-8C8A-AAECCB74B5D8}"
EndProject
Global
	GlobalSection(SolutionConfigurationPlatforms) = preSolution
		Debug|Any CPU = Debug|Any CPU
		Release|Any CPU = Release|Any CPU
	EndGlobalSection
	GlobalSection(ProjectConfigurationPlatforms) = postSolution
		{BF406BB9-6AD9-46FF-A703-BD9FDB4969D0}.Debug|Any CPU.ActiveCfg = Debug|Any CPU
		{BF406BB9-6AD9-46FF-A703-BD9FDB4969D0}.Debug|Any CPU.Build.0 = Debug|Any CPU
		{BF406BB9-6AD9-46FF-A703-BD9FDB4969D0}.Release|Any CPU.ActiveCfg = Release|Any CPU
		{BF406BB9-6AD9-46FF-A703-BD9FDB4969D0}.Release|Any CPU.Build.0 = Release|Any CPU
		{13D6E5AF-BC47-40AF-9D64-8CDF6363F4BF}.Debug|Any CPU.ActiveCfg = Debug|Any CPU
		{13D6E5AF-BC47-40AF-9D64-8CDF6363F4BF}.Debug|Any CPU.Build.0 = Debug|Any CPU
		{13D6E5AF-BC47-40AF-9D64-8CDF6363F4BF}.Release|Any CPU.ActiveCfg = Release|Any CPU
		{13D6E5AF-BC47-40AF-9D64-8CDF6363F4BF}.Release|Any CPU.Build.0 = Release|Any CPU
		{4BD84F5B-3448-4279-BA7A-ADEC08F9E833}.Debug|Any CPU.ActiveCfg = Debug|Any CPU
		{4BD84F5B-3448-4279-BA7A-ADEC08F9E833}.Debug|Any CPU.Build.0 = Debug|Any CPU
		{4BD84F5B-3448-4279-BA7A-ADEC08F9E833}.Release|Any CPU.ActiveCfg = Release|Any CPU
		{4BD84F5B-3448-4279-BA7A-ADEC08F9E833}.Release|Any CPU.Build.0 = Release|Any CPU
		{5B2342C2-E724-4C37-9F25-223E7D22FD71}.Debug|Any CPU.ActiveCfg = Debug|Any CPU
		{5B2342C2-E724-4C37-9F25-223E7D22FD71}.Debug|Any CPU.Build.0 = Debug|Any CPU
		{5B2342C2-E724-4C37-9F25-223E7D22FD71}.Release|Any CPU.ActiveCfg = Release|Any CPU
		{5B2342C2-E724-4C37-9F25-223E7D22FD71}.Release|Any CPU.Build.0 = Release|Any CPU
		{FFD9010F-E143-40D9-8C8A-AAECCB74B5D8}.Debug|Any CPU.ActiveCfg = Debug|Any CPU
		{FFD9010F-E143-40D9-8C8A-AAECCB74B5D8}.Debug|Any CPU.Build.0 = Debug|Any CPU
		{FFD9010F-E143-40D9-8C8A-AAECCB74B5D8}.Release|Any CPU.ActiveCfg = Release|Any CPU
		{FFD9010F-E143-40D9-8C8A-AAECCB74B5D8}.Release|Any CPU.Build.0 = Release|Any CPU
	EndGlobalSection
	GlobalSection(SolutionProperties) = preSolution
		HideSolutionNode = FALSE
	EndGlobalSection
	GlobalSection(ExtensibilityGlobals) = postSolution
		SolutionGuid = {F80C9BB5-E124-4571-A608-7995B5A3C5D1}
	EndGlobalSection
EndGlobal
